
Microsoft Visual Studio Solution File, Format Version 12.00
# Visual Studio Version 17
VisualStudioVersion = 17.14.36301.6
MinimumVisualStudioVersion = 10.0.40219.1
Project("{FAE04EC0-301F-11D3-BF4B-00C04F79EFBC}") = "Intro", "Intro\Intro.csproj", "{17275DE0-B9E5-4386-BA19-3FCD04F1350D}"
EndProject
Project("{FAE04EC0-301F-11D3-BF4B-00C04F79EFBC}") = "Encapsulation", "Encapsulation\Encapsulation.csproj", "{116C4145-A05B-4D3B-B4BC-470F7982DD3E}"
EndProject
Project("{FAE04EC0-301F-11D3-BF4B-00C04F79EFBC}") = "Common", "Common\Common.csproj", "{34CC0AD3-48A4-4711-9015-5BC987300396}"
EndProject
Project("{FAE04EC0-301F-11D3-BF4B-00C04F79EFBC}") = "Inheritance", "Inheritance\Inheritance.csproj", "{EEBE164D-9EAA-4204-81A7-BF33E48874F4}"
EndProject
Project("{FAE04EC0-301F-11D3-BF4B-00C04F79EFBC}") = "Polymorphism", "Polymorphism\Polymorphism.csproj", "{5A94D2A3-F62A-46B4-856D-DDA0B45BABF6}"
EndProject
Project("{FAE04EC0-301F-11D3-BF4B-00C04F79EFBC}") = "Interface", "Interface\Interface.csproj", "{A2805F1A-A05C-4473-846B-ABA4F821CF9A}"
EndProject
Project("{FAE04EC0-301F-11D3-BF4B-00C04F79EFBC}") = "Abstraction", "Abstraction\Abstraction.csproj", "{E675BA16-8059-4E36-A728-16B030A7DEBD}"
EndProject
Global
	GlobalSection(SolutionConfigurationPlatforms) = preSolution
		Debug|Any CPU = Debug|Any CPU
		Release|Any CPU = Release|Any CPU
	EndGlobalSection
	GlobalSection(ProjectConfigurationPlatforms) = postSolution
		{17275DE0-B9E5-4386-BA19-3FCD04F1350D}.Debug|Any CPU.ActiveCfg = Debug|Any CPU
		{17275DE0-B9E5-4386-BA19-3FCD04F1350D}.Debug|Any CPU.Build.0 = Debug|Any CPU
		{17275DE0-B9E5-4386-BA19-3FCD04F1350D}.Release|Any CPU.ActiveCfg = Release|Any CPU
		{17275DE0-B9E5-4386-BA19-3FCD04F1350D}.Release|Any CPU.Build.0 = Release|Any CPU
		{116C4145-A05B-4D3B-B4BC-470F7982DD3E}.Debug|Any CPU.ActiveCfg = Debug|Any CPU
		{116C4145-A05B-4D3B-B4BC-470F7982DD3E}.Debug|Any CPU.Build.0 = Debug|Any CPU
		{116C4145-A05B-4D3B-B4BC-470F7982DD3E}.Release|Any CPU.ActiveCfg = Release|Any CPU
		{116C4145-A05B-4D3B-B4BC-470F7982DD3E}.Release|Any CPU.Build.0 = Release|Any CPU
		{34CC0AD3-48A4-4711-9015-5BC987300396}.Debug|Any CPU.ActiveCfg = Debug|Any CPU
		{34CC0AD3-48A4-4711-9015-5BC987300396}.Debug|Any CPU.Build.0 = Debug|Any CPU
		{34CC0AD3-48A4-4711-9015-5BC987300396}.Release|Any CPU.ActiveCfg = Release|Any CPU
		{34CC0AD3-48A4-4711-9015-5BC987300396}.Release|Any CPU.Build.0 = Release|Any CPU
		{EEBE164D-9EAA-4204-81A7-BF33E48874F4}.Debug|Any CPU.ActiveCfg = Debug|Any CPU
		{EEBE164D-9EAA-4204-81A7-BF33E48874F4}.Debug|Any CPU.Build.0 = Debug|Any CPU
		{EEBE164D-9EAA-4204-81A7-BF33E48874F4}.Release|Any CPU.ActiveCfg = Release|Any CPU
		{EEBE164D-9EAA-4204-81A7-BF33E48874F4}.Release|Any CPU.Build.0 = Release|Any CPU
		{5A94D2A3-F62A-46B4-856D-DDA0B45BABF6}.Debug|Any CPU.ActiveCfg = Debug|Any CPU
		{5A94D2A3-F62A-46B4-856D-DDA0B45BABF6}.Debug|Any CPU.Build.0 = Debug|Any CPU
		{5A94D2A3-F62A-46B4-856D-DDA0B45BABF6}.Release|Any CPU.ActiveCfg = Release|Any CPU
		{5A94D2A3-F62A-46B4-856D-DDA0B45BABF6}.Release|Any CPU.Build.0 = Release|Any CPU
		{A2805F1A-A05C-4473-846B-ABA4F821CF9A}.Debug|Any CPU.ActiveCfg = Debug|Any CPU
		{A2805F1A-A05C-4473-846B-ABA4F821CF9A}.Debug|Any CPU.Build.0 = Debug|Any CPU
		{A2805F1A-A05C-4473-846B-ABA4F821CF9A}.Release|Any CPU.ActiveCfg = Release|Any CPU
		{A2805F1A-A05C-4473-846B-ABA4F821CF9A}.Release|Any CPU.Build.0 = Release|Any CPU
		{E675BA16-8059-4E36-A728-16B030A7DEBD}.Debug|Any CPU.ActiveCfg = Debug|Any CPU
		{E675BA16-8059-4E36-A728-16B030A7DEBD}.Debug|Any CPU.Build.0 = Debug|Any CPU
		{E675BA16-8059-4E36-A728-16B030A7DEBD}.Release|Any CPU.ActiveCfg = Release|Any CPU
		{E675BA16-8059-4E36-A728-16B030A7DEBD}.Release|Any CPU.Build.0 = Release|Any CPU
	EndGlobalSection
	GlobalSection(SolutionProperties) = preSolution
		HideSolutionNode = FALSE
	EndGlobalSection
	GlobalSection(ExtensibilityGlobals) = postSolution
		SolutionGuid = {2529F488-7DF5-4FDB-8066-A3EC26F10B23}
	EndGlobalSection
EndGlobal
